
Microsoft Visual Studio Solution File, Format Version 12.00
Project("{FAE04EC0-301F-11D3-BF4B-00C04F79EFBC}") = "JourneyFinder", "JourneyFinder.csproj", "{316F259A-E470-44C2-B259-85BA907F4ADE}"
EndProject
Global
	GlobalSection(SolutionConfigurationPlatforms) = preSolution
		Debug|Any CPU = Debug|Any CPU
		Release|Any CPU = Release|Any CPU
	EndGlobalSection
	GlobalSection(ProjectConfigurationPlatforms) = postSolution
		{316F259A-E470-44C2-B259-85BA907F4ADE}.Debug|Any CPU.ActiveCfg = Debug|Any CPU
		{316F259A-E470-44C2-B259-85BA907F4ADE}.Debug|Any CPU.Build.0 = Debug|Any CPU
		{316F259A-E470-44C2-B259-85BA907F4ADE}.Release|Any CPU.ActiveCfg = Release|Any CPU
		{316F259A-E470-44C2-B259-85BA907F4ADE}.Release|Any CPU.Build.0 = Release|Any CPU
	EndGlobalSection
EndGlobal
